// !$*UTF8*$!
{
	archiveVersion = 1;
	classes = {
	};
	objectVersion = 50;
	objects = {

/* Begin PBXBuildFile section */
		68616D282551F43E00E7BD6B /* AppDelegate.swift in Sources */ = {isa = PBXBuildFile; fileRef = 68616D272551F43E00E7BD6B /* AppDelegate.swift */; };
		68616D2A2551F43E00E7BD6B /* SceneDelegate.swift in Sources */ = {isa = PBXBuildFile; fileRef = 68616D292551F43E00E7BD6B /* SceneDelegate.swift */; };
		68616D2F2551F43E00E7BD6B /* Main.storyboard in Resources */ = {isa = PBXBuildFile; fileRef = 68616D2D2551F43E00E7BD6B /* Main.storyboard */; };
		68616D312551F44200E7BD6B /* Assets.xcassets in Resources */ = {isa = PBXBuildFile; fileRef = 68616D302551F44200E7BD6B /* Assets.xcassets */; };
		68616D342551F44200E7BD6B /* LaunchScreen.storyboard in Resources */ = {isa = PBXBuildFile; fileRef = 68616D322551F44200E7BD6B /* LaunchScreen.storyboard */; };
		68616D442551F6DF00E7BD6B /* Planet.swift in Sources */ = {isa = PBXBuildFile; fileRef = 68616D432551F6DF00E7BD6B /* Planet.swift */; };
		68616D472551F7DE00E7BD6B /* PlanetController.swift in Sources */ = {isa = PBXBuildFile; fileRef = 68616D462551F7DE00E7BD6B /* PlanetController.swift */; };
		68616D4A255202BF00E7BD6B /* PlanetTableViewController.swift in Sources */ = {isa = PBXBuildFile; fileRef = 68616D49255202BF00E7BD6B /* PlanetTableViewController.swift */; };
		68616D50255202FF00E7BD6B /* PlanetDetailViewController.swift in Sources */ = {isa = PBXBuildFile; fileRef = 68616D4F255202FF00E7BD6B /* PlanetDetailViewController.swift */; };
/* End PBXBuildFile section */

/* Begin PBXFileReference section */
		68616D242551F43E00E7BD6B /* SolarSystem.app */ = {isa = PBXFileReference; explicitFileType = wrapper.application; includeInIndex = 0; path = SolarSystem.app; sourceTree = BUILT_PRODUCTS_DIR; };
		68616D272551F43E00E7BD6B /* AppDelegate.swift */ = {isa = PBXFileReference; lastKnownFileType = sourcecode.swift; path = AppDelegate.swift; sourceTree = "<group>"; };
		68616D292551F43E00E7BD6B /* SceneDelegate.swift */ = {isa = PBXFileReference; lastKnownFileType = sourcecode.swift; path = SceneDelegate.swift; sourceTree = "<group>"; };
		68616D2E2551F43E00E7BD6B /* Base */ = {isa = PBXFileReference; lastKnownFileType = file.storyboard; name = Base; path = Base.lproj/Main.storyboard; sourceTree = "<group>"; };
		68616D302551F44200E7BD6B /* Assets.xcassets */ = {isa = PBXFileReference; lastKnownFileType = folder.assetcatalog; path = Assets.xcassets; sourceTree = "<group>"; };
		68616D332551F44200E7BD6B /* Base */ = {isa = PBXFileReference; lastKnownFileType = file.storyboard; name = Base; path = Base.lproj/LaunchScreen.storyboard; sourceTree = "<group>"; };
		68616D352551F44200E7BD6B /* Info.plist */ = {isa = PBXFileReference; lastKnownFileType = text.plist.xml; path = Info.plist; sourceTree = "<group>"; };
		68616D432551F6DF00E7BD6B /* Planet.swift */ = {isa = PBXFileReference; lastKnownFileType = sourcecode.swift; path = Planet.swift; sourceTree = "<group>"; };
		68616D462551F7DE00E7BD6B /* PlanetController.swift */ = {isa = PBXFileReference; lastKnownFileType = sourcecode.swift; path = PlanetController.swift; sourceTree = "<group>"; };
		68616D49255202BF00E7BD6B /* PlanetTableViewController.swift */ = {isa = PBXFileReference; lastKnownFileType = sourcecode.swift; path = PlanetTableViewController.swift; sourceTree = "<group>"; };
		68616D4F255202FF00E7BD6B /* PlanetDetailViewController.swift */ = {isa = PBXFileReference; lastKnownFileType = sourcecode.swift; path = PlanetDetailViewController.swift; sourceTree = "<group>"; };
/* End PBXFileReference section */

/* Begin PBXFrameworksBuildPhase section */
		68616D212551F43E00E7BD6B /* Frameworks */ = {
			isa = PBXFrameworksBuildPhase;
			buildActionMask = 2147483647;
			files = (
			);
			runOnlyForDeploymentPostprocessing = 0;
		};
/* End PBXFrameworksBuildPhase section */

/* Begin PBXGroup section */
		68616D1B2551F43D00E7BD6B = {
			isa = PBXGroup;
			children = (
				68616D262551F43E00E7BD6B /* SolarSystem */,
				68616D252551F43E00E7BD6B /* Products */,
			);
			sourceTree = "<group>";
		};
		68616D252551F43E00E7BD6B /* Products */ = {
			isa = PBXGroup;
			children = (
				68616D242551F43E00E7BD6B /* SolarSystem.app */,
			);
			name = Products;
			sourceTree = "<group>";
		};
		68616D262551F43E00E7BD6B /* SolarSystem */ = {
			isa = PBXGroup;
			children = (
				68616D402551F58300E7BD6B /* Resources */,
				68616D3F2551F56D00E7BD6B /* Models */,
				68616D3E2551F55F00E7BD6B /* ViewControllers */,
				68616D3C2551F49A00E7BD6B /* ModelControllers */,
				68616D2D2551F43E00E7BD6B /* Main.storyboard */,
			);
			path = SolarSystem;
			sourceTree = "<group>";
		};
		68616D3C2551F49A00E7BD6B /* ModelControllers */ = {
			isa = PBXGroup;
			children = (
				68616D462551F7DE00E7BD6B /* PlanetController.swift */,
			);
			path = ModelControllers;
			sourceTree = "<group>";
		};
		68616D3E2551F55F00E7BD6B /* ViewControllers */ = {
			isa = PBXGroup;
			children = (
				68616D49255202BF00E7BD6B /* PlanetTableViewController.swift */,
				68616D4F255202FF00E7BD6B /* PlanetDetailViewController.swift */,
			);
			path = ViewControllers;
			sourceTree = "<group>";
		};
		68616D3F2551F56D00E7BD6B /* Models */ = {
			isa = PBXGroup;
			children = (
				68616D432551F6DF00E7BD6B /* Planet.swift */,
			);
			path = Models;
			sourceTree = "<group>";
		};
		68616D402551F58300E7BD6B /* Resources */ = {
			isa = PBXGroup;
			children = (
				68616D272551F43E00E7BD6B /* AppDelegate.swift */,
				68616D292551F43E00E7BD6B /* SceneDelegate.swift */,
				68616D302551F44200E7BD6B /* Assets.xcassets */,
				68616D322551F44200E7BD6B /* LaunchScreen.storyboard */,
				68616D352551F44200E7BD6B /* Info.plist */,
			);
			path = Resources;
			sourceTree = "<group>";
		};
/* End PBXGroup section */

/* Begin PBXNativeTarget section */
		68616D232551F43E00E7BD6B /* SolarSystem */ = {
			isa = PBXNativeTarget;
			buildConfigurationList = 68616D382551F44200E7BD6B /* Build configuration list for PBXNativeTarget "SolarSystem" */;
			buildPhases = (
				68616D202551F43E00E7BD6B /* Sources */,
				68616D212551F43E00E7BD6B /* Frameworks */,
				68616D222551F43E00E7BD6B /* Resources */,
			);
			buildRules = (
			);
			dependencies = (
			);
			name = SolarSystem;
			productName = SolarSystem;
			productReference = 68616D242551F43E00E7BD6B /* SolarSystem.app */;
			productType = "com.apple.product-type.application";
		};
/* End PBXNativeTarget section */

/* Begin PBXProject section */
		68616D1C2551F43D00E7BD6B /* Project object */ = {
			isa = PBXProject;
			attributes = {
				LastSwiftUpdateCheck = 1210;
				LastUpgradeCheck = 1210;
				TargetAttributes = {
					68616D232551F43E00E7BD6B = {
						CreatedOnToolsVersion = 12.1;
					};
				};
			};
			buildConfigurationList = 68616D1F2551F43D00E7BD6B /* Build configuration list for PBXProject "SolarSystem" */;
			compatibilityVersion = "Xcode 9.3";
			developmentRegion = en;
			hasScannedForEncodings = 0;
			knownRegions = (
				en,
				Base,
			);
			mainGroup = 68616D1B2551F43D00E7BD6B;
			productRefGroup = 68616D252551F43E00E7BD6B /* Products */;
			projectDirPath = "";
			projectRoot = "";
			targets = (
				68616D232551F43E00E7BD6B /* SolarSystem */,
			);
		};
/* End PBXProject section */

/* Begin PBXResourcesBuildPhase section */
		68616D222551F43E00E7BD6B /* Resources */ = {
			isa = PBXResourcesBuildPhase;
			buildActionMask = 2147483647;
			files = (
				68616D342551F44200E7BD6B /* LaunchScreen.storyboard in Resources */,
				68616D312551F44200E7BD6B /* Assets.xcassets in Resources */,
				68616D2F2551F43E00E7BD6B /* Main.storyboard in Resources */,
			);
			runOnlyForDeploymentPostprocessing = 0;
		};
/* End PBXResourcesBuildPhase section */

/* Begin PBXSourcesBuildPhase section */
		68616D202551F43E00E7BD6B /* Sources */ = {
			isa = PBXSourcesBuildPhase;
			buildActionMask = 2147483647;
			files = (
				68616D442551F6DF00E7BD6B /* Planet.swift in Sources */,
				68616D4A255202BF00E7BD6B /* PlanetTableViewController.swift in Sources */,
				68616D50255202FF00E7BD6B /* PlanetDetailViewController.swift in Sources */,
				68616D472551F7DE00E7BD6B /* PlanetController.swift in Sources */,
				68616D282551F43E00E7BD6B /* AppDelegate.swift in Sources */,
				68616D2A2551F43E00E7BD6B /* SceneDelegate.swift in Sources */,
			);
			runOnlyForDeploymentPostprocessing = 0;
		};
/* End PBXSourcesBuildPhase section */

/* Begin PBXVariantGroup section */
		68616D2D2551F43E00E7BD6B /* Main.storyboard */ = {
			isa = PBXVariantGroup;
			children = (
				68616D2E2551F43E00E7BD6B /* Base */,
			);
			name = Main.storyboard;
			sourceTree = "<group>";
		};
		68616D322551F44200E7BD6B /* LaunchScreen.storyboard */ = {
			isa = PBXVariantGroup;
			children = (
				68616D332551F44200E7BD6B /* Base */,
			);
			name = LaunchScreen.storyboard;
			sourceTree = "<group>";
		};
/* End PBXVariantGroup section */

/* Begin XCBuildConfiguration section */
		68616D362551F44200E7BD6B /* Debug */ = {
			isa = XCBuildConfiguration;
			buildSettings = {
				ALWAYS_SEARCH_USER_PATHS = NO;
				CLANG_ANALYZER_NONNULL = YES;
				CLANG_ANALYZER_NUMBER_OBJECT_CONVERSION = YES_AGGRESSIVE;
				CLANG_CXX_LANGUAGE_STANDARD = "gnu++14";
				CLANG_CXX_LIBRARY = "libc++";
				CLANG_ENABLE_MODULES = YES;
				CLANG_ENABLE_OBJC_ARC = YES;
				CLANG_ENABLE_OBJC_WEAK = YES;
				CLANG_WARN_BLOCK_CAPTURE_AUTORELEASING = YES;
				CLANG_WARN_BOOL_CONVERSION = YES;
				CLANG_WARN_COMMA = YES;
				CLANG_WARN_CONSTANT_CONVERSION = YES;
				CLANG_WARN_DEPRECATED_OBJC_IMPLEMENTATIONS = YES;
				CLANG_WARN_DIRECT_OBJC_ISA_USAGE = YES_ERROR;
				CLANG_WARN_DOCUMENTATION_COMMENTS = YES;
				CLANG_WARN_EMPTY_BODY = YES;
				CLANG_WARN_ENUM_CONVERSION = YES;
				CLANG_WARN_INFINITE_RECURSION = YES;
				CLANG_WARN_INT_CONVERSION = YES;
				CLANG_WARN_NON_LITERAL_NULL_CONVERSION = YES;
				CLANG_WARN_OBJC_IMPLICIT_RETAIN_SELF = YES;
				CLANG_WARN_OBJC_LITERAL_CONVERSION = YES;
				CLANG_WARN_OBJC_ROOT_CLASS = YES_ERROR;
				CLANG_WARN_QUOTED_INCLUDE_IN_FRAMEWORK_HEADER = YES;
				CLANG_WARN_RANGE_LOOP_ANALYSIS = YES;
				CLANG_WARN_STRICT_PROTOTYPES = YES;
				CLANG_WARN_SUSPICIOUS_MOVE = YES;
				CLANG_WARN_UNGUARDED_AVAILABILITY = YES_AGGRESSIVE;
				CLANG_WARN_UNREACHABLE_CODE = YES;
				CLANG_WARN__DUPLICATE_METHOD_MATCH = YES;
				COPY_PHASE_STRIP = NO;
				DEBUG_INFORMATION_FORMAT = dwarf;
				ENABLE_STRICT_OBJC_MSGSEND = YES;
				ENABLE_TESTABILITY = YES;
				GCC_C_LANGUAGE_STANDARD = gnu11;
				GCC_DYNAMIC_NO_PIC = NO;
				GCC_NO_COMMON_BLOCKS = YES;
				GCC_OPTIMIZATION_LEVEL = 0;
				GCC_PREPROCESSOR_DEFINITIONS = (
					"DEBUG=1",
					"$(inherited)",
				);
				GCC_WARN_64_TO_32_BIT_CONVERSION = YES;
				GCC_WARN_ABOUT_RETURN_TYPE = YES_ERROR;
				GCC_WARN_UNDECLARED_SELECTOR = YES;
				GCC_WARN_UNINITIALIZED_AUTOS = YES_AGGRESSIVE;
				GCC_WARN_UNUSED_FUNCTION = YES;
				GCC_WARN_UNUSED_VARIABLE = YES;
				IPHONEOS_DEPLOYMENT_TARGET = 14.1;
				MTL_ENABLE_DEBUG_INFO = INCLUDE_SOURCE;
				MTL_FAST_MATH = YES;
				ONLY_ACTIVE_ARCH = YES;
				SDKROOT = iphoneos;
				SWIFT_ACTIVE_COMPILATION_CONDITIONS = DEBUG;
				SWIFT_OPTIMIZATION_LEVEL = "-Onone";
			};
			name = Debug;
		};
		68616D372551F44200E7BD6B /* Release */ = {
			isa = XCBuildConfiguration;
			buildSettings = {
				ALWAYS_SEARCH_USER_PATHS = NO;
				CLANG_ANALYZER_NONNULL = YES;
				CLANG_ANALYZER_NUMBER_OBJECT_CONVERSION = YES_AGGRESSIVE;
				CLANG_CXX_LANGUAGE_STANDARD = "gnu++14";
				CLANG_CXX_LIBRARY = "libc++";
				CLANG_ENABLE_MODULES = YES;
				CLANG_ENABLE_OBJC_ARC = YES;
				CLANG_ENABLE_OBJC_WEAK = YES;
				CLANG_WARN_BLOCK_CAPTURE_AUTORELEASING = YES;
				CLANG_WARN_BOOL_CONVERSION = YES;
				CLANG_WARN_COMMA = YES;
				CLANG_WARN_CONSTANT_CONVERSION = YES;
				CLANG_WARN_DEPRECATED_OBJC_IMPLEMENTATIONS = YES;
				CLANG_WARN_DIRECT_OBJC_ISA_USAGE = YES_ERROR;
				CLANG_WARN_DOCUMENTATION_COMMENTS = YES;
				CLANG_WARN_EMPTY_BODY = YES;
				CLANG_WARN_ENUM_CONVERSION = YES;
				CLANG_WARN_INFINITE_RECURSION = YES;
				CLANG_WARN_INT_CONVERSION = YES;
				CLANG_WARN_NON_LITERAL_NULL_CONVERSION = YES;
				CLANG_WARN_OBJC_IMPLICIT_RETAIN_SELF = YES;
				CLANG_WARN_OBJC_LITERAL_CONVERSION = YES;
				CLANG_WARN_OBJC_ROOT_CLASS = YES_ERROR;
				CLANG_WARN_QUOTED_INCLUDE_IN_FRAMEWORK_HEADER = YES;
				CLANG_WARN_RANGE_LOOP_ANALYSIS = YES;
				CLANG_WARN_STRICT_PROTOTYPES = YES;
				CLANG_WARN_SUSPICIOUS_MOVE = YES;
				CLANG_WARN_UNGUARDED_AVAILABILITY = YES_AGGRESSIVE;
				CLANG_WARN_UNREACHABLE_CODE = YES;
				CLANG_WARN__DUPLICATE_METHOD_MATCH = YES;
				COPY_PHASE_STRIP = NO;
				DEBUG_INFORMATION_FORMAT = "dwarf-with-dsym";
				ENABLE_NS_ASSERTIONS = NO;
				ENABLE_STRICT_OBJC_MSGSEND = YES;
				GCC_C_LANGUAGE_STANDARD = gnu11;
				GCC_NO_COMMON_BLOCKS = YES;
				GCC_WARN_64_TO_32_BIT_CONVERSION = YES;
				GCC_WARN_ABOUT_RETURN_TYPE = YES_ERROR;
				GCC_WARN_UNDECLARED_SELECTOR = YES;
				GCC_WARN_UNINITIALIZED_AUTOS = YES_AGGRESSIVE;
				GCC_WARN_UNUSED_FUNCTION = YES;
				GCC_WARN_UNUSED_VARIABLE = YES;
				IPHONEOS_DEPLOYMENT_TARGET = 14.1;
				MTL_ENABLE_DEBUG_INFO = NO;
				MTL_FAST_MATH = YES;
				SDKROOT = iphoneos;
				SWIFT_COMPILATION_MODE = wholemodule;
				SWIFT_OPTIMIZATION_LEVEL = "-O";
				VALIDATE_PRODUCT = YES;
			};
			name = Release;
		};
		68616D392551F44200E7BD6B /* Debug */ = {
			isa = XCBuildConfiguration;
			buildSettings = {
				ASSETCATALOG_COMPILER_APPICON_NAME = AppIcon;
				ASSETCATALOG_COMPILER_GLOBAL_ACCENT_COLOR_NAME = AccentColor;
				CODE_SIGN_STYLE = Automatic;
				INFOPLIST_FILE = SolarSystem/Resources/Info.plist;
				LD_RUNPATH_SEARCH_PATHS = (
					"$(inherited)",
					"@executable_path/Frameworks",
				);
				PRODUCT_BUNDLE_IDENTIFIER = heli.bavishi.SolarSystem;
				PRODUCT_NAME = "$(TARGET_NAME)";
				SWIFT_VERSION = 5.0;
				TARGETED_DEVICE_FAMILY = "1,2";
			};
			name = Debug;
		};
		68616D3A2551F44200E7BD6B /* Release */ = {
			isa = XCBuildConfiguration;
			buildSettings = {
				ASSETCATALOG_COMPILER_APPICON_NAME = AppIcon;
				ASSETCATALOG_COMPILER_GLOBAL_ACCENT_COLOR_NAME = AccentColor;
				CODE_SIGN_STYLE = Automatic;
				INFOPLIST_FILE = SolarSystem/Resources/Info.plist;
				LD_RUNPATH_SEARCH_PATHS = (
					"$(inherited)",
					"@executable_path/Frameworks",
				);
				PRODUCT_BUNDLE_IDENTIFIER = heli.bavishi.SolarSystem;
				PRODUCT_NAME = "$(TARGET_NAME)";
				SWIFT_VERSION = 5.0;
				TARGETED_DEVICE_FAMILY = "1,2";
			};
			name = Release;
		};
/* End XCBuildConfiguration section */

/* Begin XCConfigurationList section */
		68616D1F2551F43D00E7BD6B /* Build configuration list for PBXProject "SolarSystem" */ = {
			isa = XCConfigurationList;
			buildConfigurations = (
				68616D362551F44200E7BD6B /* Debug */,
				68616D372551F44200E7BD6B /* Release */,
			);
			defaultConfigurationIsVisible = 0;
			defaultConfigurationName = Release;
		};
		68616D382551F44200E7BD6B /* Build configuration list for PBXNativeTarget "SolarSystem" */ = {
			isa = XCConfigurationList;
			buildConfigurations = (
				68616D392551F44200E7BD6B /* Debug */,
				68616D3A2551F44200E7BD6B /* Release */,
			);
			defaultConfigurationIsVisible = 0;
			defaultConfigurationName = Release;
		};
/* End XCConfigurationList section */
	};
	rootObject = 68616D1C2551F43D00E7BD6B /* Project object */;
}
